{
  "originHash" : "4686f3de4d8a1250a49f4977fe045887f80fd7aaf1f0dc8e62c7aa9785a35ee1",
  "pins" : [
    {
      "identity" : "cepheus",
      "kind" : "remoteSourceControl",
      "location" : "https://github.com/Serene-Garden/Cepheus",
      "state" : {
        "branch" : "main",
        "revision" : "271eba038a2c74c47dc5067d62dd68fc346f6481"
      }
    },
    {
      "identity" : "sdwebimage",
      "kind" : "remoteSourceControl",
      "location" : "https://github.com/SDWebImage/SDWebImage.git",
      "state" : {
        "revision" : "86e9185ef41c4238a93ad8efe61ddeb701e80bbf",
        "version" : "5.19.5"
      }
    },
    {
      "identity" : "sdwebimageswiftui",
      "kind" : "remoteSourceControl",
      "location" : "https://github.com/SDWebImage/SDWebImageSwiftUI",
      "state" : {
        "revision" : "5d462f7530677ae0c2b9510c26383aa25ba48751",
        "version" : "3.1.1"
      }
    },
    {
      "identity" : "swiftsoup",
      "kind" : "remoteSourceControl",
      "location" : "https://github.com/scinfu/SwiftSoup",
      "state" : {
        "revision" : "e2d11208519549c2e5798d70190472045633f22f",
        "version" : "2.7.3"
      }
    }
  ],
  "version" : 3
}
